// !$*UTF8*$!
{
	archiveVersion = 1;
	classes = {
	};
	objectVersion = 46;
	objects = {

/* Begin PBXBuildFile section */
		78334F0F1B8C7638007AF5D9 /* bird.jpeg in Resources */ = {isa = PBXBuildFile; fileRef = 78334F041B8C7638007AF5D9 /* bird.jpeg */; };
		78334F101B8C7638007AF5D9 /* death.jpg in Resources */ = {isa = PBXBuildFile; fileRef = 78334F051B8C7638007AF5D9 /* death.jpg */; };
		78334F121B8C7638007AF5D9 /* duck.jpeg in Resources */ = {isa = PBXBuildFile; fileRef = 78334F071B8C7638007AF5D9 /* duck.jpeg */; };
		78334F131B8C7638007AF5D9 /* girl.jpeg in Resources */ = {isa = PBXBuildFile; fileRef = 78334F081B8C7638007AF5D9 /* girl.jpeg */; };
		78334F141B8C7638007AF5D9 /* hart.jpeg in Resources */ = {isa = PBXBuildFile; fileRef = 78334F091B8C7638007AF5D9 /* hart.jpeg */; };
		78334F151B8C7638007AF5D9 /* kids.jpeg in Resources */ = {isa = PBXBuildFile; fileRef = 78334F0A1B8C7638007AF5D9 /* kids.jpeg */; };
		78334F161B8C7638007AF5D9 /* parrot.jpeg in Resources */ = {isa = PBXBuildFile; fileRef = 78334F0B1B8C7638007AF5D9 /* parrot.jpeg */; };
		78334F171B8C7638007AF5D9 /* puppy.jpeg in Resources */ = {isa = PBXBuildFile; fileRef = 78334F0C1B8C7638007AF5D9 /* puppy.jpeg */; };
		78334F181B8C7638007AF5D9 /* squirrel.jpeg in Resources */ = {isa = PBXBuildFile; fileRef = 78334F0D1B8C7638007AF5D9 /* squirrel.jpeg */; };
		78334F191B8C7638007AF5D9 /* swan.jpeg in Resources */ = {isa = PBXBuildFile; fileRef = 78334F0E1B8C7638007AF5D9 /* swan.jpeg */; };
		786C214B1B7BC65C00C4AFD3 /* FPYDataSource.m in Sources */ = {isa = PBXBuildFile; fileRef = 786C214A1B7BC65C00C4AFD3 /* FPYDataSource.m */; };
		786C214E1B7BD8A800C4AFD3 /* FPYContentTableCell.m in Sources */ = {isa = PBXBuildFile; fileRef = 786C214D1B7BD8A800C4AFD3 /* FPYContentTableCell.m */; };
		786C21511B7BE16A00C4AFD3 /* FPYNamedImage.m in Sources */ = {isa = PBXBuildFile; fileRef = 786C21501B7BE16A00C4AFD3 /* FPYNamedImage.m */; };
		786F123C1B70E3EF00386135 /* main.m in Sources */ = {isa = PBXBuildFile; fileRef = 786F123B1B70E3EF00386135 /* main.m */; };
		786F12451B70E3EF00386135 /* Main.storyboard in Resources */ = {isa = PBXBuildFile; fileRef = 786F12431B70E3EF00386135 /* Main.storyboard */; };
		786F12471B70E3EF00386135 /* Images.xcassets in Resources */ = {isa = PBXBuildFile; fileRef = 786F12461B70E3EF00386135 /* Images.xcassets */; };
		786F124A1B70E3EF00386135 /* LaunchScreen.xib in Resources */ = {isa = PBXBuildFile; fileRef = 786F12481B70E3EF00386135 /* LaunchScreen.xib */; };
		786F12561B70E3EF00386135 /* FirstTaskTests.m in Sources */ = {isa = PBXBuildFile; fileRef = 786F12551B70E3EF00386135 /* FirstTaskTests.m */; };
		78F09D131B7BAC83003BE73B /* FPYAppDelegate.m in Sources */ = {isa = PBXBuildFile; fileRef = 78F09D101B7BAC83003BE73B /* FPYAppDelegate.m */; };
		78F9FA6B1B864E6B007E1E73 /* FPYTableViewController.m in Sources */ = {isa = PBXBuildFile; fileRef = 78F9FA6A1B864E6B007E1E73 /* FPYTableViewController.m */; };
		78FA9E631B9AE7E100531919 /* FPYEmptySegue.m in Sources */ = {isa = PBXBuildFile; fileRef = 78FA9E621B9AE7E100531919 /* FPYEmptySegue.m */; };
		78FA9E661B9AED4300531919 /* FPYCollectionViewCell.m in Sources */ = {isa = PBXBuildFile; fileRef = 78FA9E651B9AED4300531919 /* FPYCollectionViewCell.m */; };
		78FA9E691B9B680400531919 /* FPYAddToDataSource.m in Sources */ = {isa = PBXBuildFile; fileRef = 78FA9E681B9B680400531919 /* FPYAddToDataSource.m */; };
		78FA9E6C1B9C7A9E00531919 /* FPYNamedImageDataValidator.m in Sources */ = {isa = PBXBuildFile; fileRef = 78FA9E6B1B9C7A9E00531919 /* FPYNamedImageDataValidator.m */; };
		78FE76111B99B5CA007E4CCF /* dog.jpg in Resources */ = {isa = PBXBuildFile; fileRef = 78FE76101B99B5CA007E4CCF /* dog.jpg */; };
		78FE76131B99B5D7007E4CCF /* default.jpeg in Resources */ = {isa = PBXBuildFile; fileRef = 78FE76121B99B5D7007E4CCF /* default.jpeg */; };
		78FE76151B99E1CE007E4CCF /* Data.plist in Resources */ = {isa = PBXBuildFile; fileRef = 78FE76141B99E1CE007E4CCF /* Data.plist */; };
		78FE76181B99E41C007E4CCF /* FPYContainerViewController.m in Sources */ = {isa = PBXBuildFile; fileRef = 78FE76171B99E41C007E4CCF /* FPYContainerViewController.m */; };
		78FE761B1B99E4FE007E4CCF /* FPYCollectionViewController.m in Sources */ = {isa = PBXBuildFile; fileRef = 78FE761A1B99E4FE007E4CCF /* FPYCollectionViewController.m */; };
		78FE761E1B99E740007E4CCF /* FPYViewController.m in Sources */ = {isa = PBXBuildFile; fileRef = 78FE761D1B99E740007E4CCF /* FPYViewController.m */; };
/* End PBXBuildFile section */

/* Begin PBXContainerItemProxy section */
		786F12501B70E3EF00386135 /* PBXContainerItemProxy */ = {
			isa = PBXContainerItemProxy;
			containerPortal = 786F122E1B70E3EF00386135 /* Project object */;
			proxyType = 1;
			remoteGlobalIDString = 786F12351B70E3EF00386135;
			remoteInfo = FirstTask;
		};
/* End PBXContainerItemProxy section */

/* Begin PBXFileReference section */
		78334F041B8C7638007AF5D9 /* bird.jpeg */ = {isa = PBXFileReference; lastKnownFileType = image.jpeg; path = bird.jpeg; sourceTree = "<group>"; };
		78334F051B8C7638007AF5D9 /* death.jpg */ = {isa = PBXFileReference; lastKnownFileType = image.jpeg; path = death.jpg; sourceTree = "<group>"; };
		78334F071B8C7638007AF5D9 /* duck.jpeg */ = {isa = PBXFileReference; lastKnownFileType = image.jpeg; path = duck.jpeg; sourceTree = "<group>"; };
		78334F081B8C7638007AF5D9 /* girl.jpeg */ = {isa = PBXFileReference; lastKnownFileType = image.jpeg; path = girl.jpeg; sourceTree = "<group>"; };
		78334F091B8C7638007AF5D9 /* hart.jpeg */ = {isa = PBXFileReference; lastKnownFileType = image.jpeg; path = hart.jpeg; sourceTree = "<group>"; };
		78334F0A1B8C7638007AF5D9 /* kids.jpeg */ = {isa = PBXFileReference; lastKnownFileType = image.jpeg; path = kids.jpeg; sourceTree = "<group>"; };
		78334F0B1B8C7638007AF5D9 /* parrot.jpeg */ = {isa = PBXFileReference; lastKnownFileType = image.jpeg; path = parrot.jpeg; sourceTree = "<group>"; };
		78334F0C1B8C7638007AF5D9 /* puppy.jpeg */ = {isa = PBXFileReference; lastKnownFileType = image.jpeg; path = puppy.jpeg; sourceTree = "<group>"; };
		78334F0D1B8C7638007AF5D9 /* squirrel.jpeg */ = {isa = PBXFileReference; lastKnownFileType = image.jpeg; path = squirrel.jpeg; sourceTree = "<group>"; };
		78334F0E1B8C7638007AF5D9 /* swan.jpeg */ = {isa = PBXFileReference; lastKnownFileType = image.jpeg; path = swan.jpeg; sourceTree = "<group>"; };
		786C21491B7BC65C00C4AFD3 /* FPYDataSource.h */ = {isa = PBXFileReference; fileEncoding = 4; lastKnownFileType = sourcecode.c.h; name = FPYDataSource.h; path = ../FPYDataSource.h; sourceTree = "<group>"; };
		786C214A1B7BC65C00C4AFD3 /* FPYDataSource.m */ = {isa = PBXFileReference; fileEncoding = 4; lastKnownFileType = sourcecode.c.objc; name = FPYDataSource.m; path = ../FPYDataSource.m; sourceTree = "<group>"; };
		786C214C1B7BD8A800C4AFD3 /* FPYContentTableCell.h */ = {isa = PBXFileReference; fileEncoding = 4; lastKnownFileType = sourcecode.c.h; name = FPYContentTableCell.h; path = ../FPYContentTableCell.h; sourceTree = "<group>"; };
		786C214D1B7BD8A800C4AFD3 /* FPYContentTableCell.m */ = {isa = PBXFileReference; fileEncoding = 4; lastKnownFileType = sourcecode.c.objc; name = FPYContentTableCell.m; path = ../FPYContentTableCell.m; sourceTree = "<group>"; };
		786C214F1B7BE16A00C4AFD3 /* FPYNamedImage.h */ = {isa = PBXFileReference; fileEncoding = 4; lastKnownFileType = sourcecode.c.h; name = FPYNamedImage.h; path = ../FPYNamedImage.h; sourceTree = "<group>"; };
		786C21501B7BE16A00C4AFD3 /* FPYNamedImage.m */ = {isa = PBXFileReference; fileEncoding = 4; lastKnownFileType = sourcecode.c.objc; name = FPYNamedImage.m; path = ../FPYNamedImage.m; sourceTree = "<group>"; };
		786F12361B70E3EF00386135 /* FirstProjectYalantis.app */ = {isa = PBXFileReference; explicitFileType = wrapper.application; includeInIndex = 0; path = FirstProjectYalantis.app; sourceTree = BUILT_PRODUCTS_DIR; };
		786F123A1B70E3EF00386135 /* Info.plist */ = {isa = PBXFileReference; lastKnownFileType = text.plist.xml; path = Info.plist; sourceTree = "<group>"; };
		786F123B1B70E3EF00386135 /* main.m */ = {isa = PBXFileReference; lastKnownFileType = sourcecode.c.objc; path = main.m; sourceTree = "<group>"; };
		786F12441B70E3EF00386135 /* Base */ = {isa = PBXFileReference; lastKnownFileType = file.storyboard; name = Base; path = Base.lproj/Main.storyboard; sourceTree = "<group>"; };
		786F12461B70E3EF00386135 /* Images.xcassets */ = {isa = PBXFileReference; lastKnownFileType = folder.assetcatalog; path = Images.xcassets; sourceTree = "<group>"; };
		786F12491B70E3EF00386135 /* Base */ = {isa = PBXFileReference; lastKnownFileType = file.xib; name = Base; path = Base.lproj/LaunchScreen.xib; sourceTree = "<group>"; };
		786F124F1B70E3EF00386135 /* FirstProjectYalantis.xctest */ = {isa = PBXFileReference; explicitFileType = wrapper.cfbundle; includeInIndex = 0; path = FirstProjectYalantis.xctest; sourceTree = BUILT_PRODUCTS_DIR; };
		786F12541B70E3EF00386135 /* Info.plist */ = {isa = PBXFileReference; lastKnownFileType = text.plist.xml; path = Info.plist; sourceTree = "<group>"; };
		786F12551B70E3EF00386135 /* FirstTaskTests.m */ = {isa = PBXFileReference; lastKnownFileType = sourcecode.c.objc; path = FirstTaskTests.m; sourceTree = "<group>"; };
		78F09D0F1B7BAC83003BE73B /* FPYAppDelegate.h */ = {isa = PBXFileReference; fileEncoding = 4; lastKnownFileType = sourcecode.c.h; path = FPYAppDelegate.h; sourceTree = "<group>"; };
		78F09D101B7BAC83003BE73B /* FPYAppDelegate.m */ = {isa = PBXFileReference; fileEncoding = 4; lastKnownFileType = sourcecode.c.objc; path = FPYAppDelegate.m; sourceTree = "<group>"; };
		78F9FA691B864E6B007E1E73 /* FPYTableViewController.h */ = {isa = PBXFileReference; fileEncoding = 4; lastKnownFileType = sourcecode.c.h; path = FPYTableViewController.h; sourceTree = "<group>"; };
		78F9FA6A1B864E6B007E1E73 /* FPYTableViewController.m */ = {isa = PBXFileReference; fileEncoding = 4; lastKnownFileType = sourcecode.c.objc; path = FPYTableViewController.m; sourceTree = "<group>"; };
		78FA9E611B9AE7E100531919 /* FPYEmptySegue.h */ = {isa = PBXFileReference; fileEncoding = 4; lastKnownFileType = sourcecode.c.h; path = FPYEmptySegue.h; sourceTree = "<group>"; };
		78FA9E621B9AE7E100531919 /* FPYEmptySegue.m */ = {isa = PBXFileReference; fileEncoding = 4; lastKnownFileType = sourcecode.c.objc; path = FPYEmptySegue.m; sourceTree = "<group>"; };
		78FA9E641B9AED4300531919 /* FPYCollectionViewCell.h */ = {isa = PBXFileReference; fileEncoding = 4; lastKnownFileType = sourcecode.c.h; path = FPYCollectionViewCell.h; sourceTree = "<group>"; };
		78FA9E651B9AED4300531919 /* FPYCollectionViewCell.m */ = {isa = PBXFileReference; fileEncoding = 4; lastKnownFileType = sourcecode.c.objc; path = FPYCollectionViewCell.m; sourceTree = "<group>"; };
		78FA9E671B9B680400531919 /* FPYAddToDataSource.h */ = {isa = PBXFileReference; fileEncoding = 4; lastKnownFileType = sourcecode.c.h; path = FPYAddToDataSource.h; sourceTree = "<group>"; };
		78FA9E681B9B680400531919 /* FPYAddToDataSource.m */ = {isa = PBXFileReference; fileEncoding = 4; lastKnownFileType = sourcecode.c.objc; path = FPYAddToDataSource.m; sourceTree = "<group>"; };
		78FA9E6A1B9C7A9E00531919 /* FPYNamedImageDataValidator.h */ = {isa = PBXFileReference; fileEncoding = 4; lastKnownFileType = sourcecode.c.h; path = FPYNamedImageDataValidator.h; sourceTree = "<group>"; };
		78FA9E6B1B9C7A9E00531919 /* FPYNamedImageDataValidator.m */ = {isa = PBXFileReference; fileEncoding = 4; lastKnownFileType = sourcecode.c.objc; path = FPYNamedImageDataValidator.m; sourceTree = "<group>"; };
		78FE76101B99B5CA007E4CCF /* dog.jpg */ = {isa = PBXFileReference; lastKnownFileType = image.jpeg; path = dog.jpg; sourceTree = "<group>"; };
		78FE76121B99B5D7007E4CCF /* default.jpeg */ = {isa = PBXFileReference; lastKnownFileType = image.jpeg; path = default.jpeg; sourceTree = "<group>"; };
		78FE76141B99E1CE007E4CCF /* Data.plist */ = {isa = PBXFileReference; fileEncoding = 4; lastKnownFileType = text.plist.xml; path = Data.plist; sourceTree = "<group>"; };
		78FE76161B99E41C007E4CCF /* FPYContainerViewController.h */ = {isa = PBXFileReference; fileEncoding = 4; lastKnownFileType = sourcecode.c.h; path = FPYContainerViewController.h; sourceTree = "<group>"; };
		78FE76171B99E41C007E4CCF /* FPYContainerViewController.m */ = {isa = PBXFileReference; fileEncoding = 4; lastKnownFileType = sourcecode.c.objc; path = FPYContainerViewController.m; sourceTree = "<group>"; };
		78FE76191B99E4FE007E4CCF /* FPYCollectionViewController.h */ = {isa = PBXFileReference; fileEncoding = 4; lastKnownFileType = sourcecode.c.h; path = FPYCollectionViewController.h; sourceTree = "<group>"; };
		78FE761A1B99E4FE007E4CCF /* FPYCollectionViewController.m */ = {isa = PBXFileReference; fileEncoding = 4; lastKnownFileType = sourcecode.c.objc; path = FPYCollectionViewController.m; sourceTree = "<group>"; };
		78FE761C1B99E740007E4CCF /* FPYViewController.h */ = {isa = PBXFileReference; fileEncoding = 4; lastKnownFileType = sourcecode.c.h; path = FPYViewController.h; sourceTree = "<group>"; };
		78FE761D1B99E740007E4CCF /* FPYViewController.m */ = {isa = PBXFileReference; fileEncoding = 4; lastKnownFileType = sourcecode.c.objc; path = FPYViewController.m; sourceTree = "<group>"; };
/* End PBXFileReference section */

/* Begin PBXFrameworksBuildPhase section */
		786F12331B70E3EF00386135 /* Frameworks */ = {
			isa = PBXFrameworksBuildPhase;
			buildActionMask = 2147483647;
			files = (
			);
			runOnlyForDeploymentPostprocessing = 0;
		};
		786F124C1B70E3EF00386135 /* Frameworks */ = {
			isa = PBXFrameworksBuildPhase;
			buildActionMask = 2147483647;
			files = (
			);
			runOnlyForDeploymentPostprocessing = 0;
		};
/* End PBXFrameworksBuildPhase section */

/* Begin PBXGroup section */
		786F122D1B70E3EF00386135 = {
			isa = PBXGroup;
			children = (
				786F12381B70E3EF00386135 /* FirstTask */,
				786F12521B70E3EF00386135 /* FirstTaskTests */,
				786F12371B70E3EF00386135 /* Products */,
			);
			sourceTree = "<group>";
		};
		786F12371B70E3EF00386135 /* Products */ = {
			isa = PBXGroup;
			children = (
				786F12361B70E3EF00386135 /* FirstProjectYalantis.app */,
				786F124F1B70E3EF00386135 /* FirstProjectYalantis.xctest */,
			);
			name = Products;
			sourceTree = "<group>";
		};
		786F12381B70E3EF00386135 /* FirstTask */ = {
			isa = PBXGroup;
			children = (
				78E26EA91B8492190003C977 /* Resources */,
				78E26EA71B8490740003C977 /* Controllers */,
				78E26EA81B84918F0003C977 /* Models */,
				78F09D0F1B7BAC83003BE73B /* FPYAppDelegate.h */,
				78F09D101B7BAC83003BE73B /* FPYAppDelegate.m */,
				786F12431B70E3EF00386135 /* Main.storyboard */,
				786F12461B70E3EF00386135 /* Images.xcassets */,
				786F12481B70E3EF00386135 /* LaunchScreen.xib */,
				786F12391B70E3EF00386135 /* Supporting Files */,
			);
			path = FirstTask;
			sourceTree = "<group>";
		};
		786F12391B70E3EF00386135 /* Supporting Files */ = {
			isa = PBXGroup;
			children = (
				786F123A1B70E3EF00386135 /* Info.plist */,
				786F123B1B70E3EF00386135 /* main.m */,
			);
			name = "Supporting Files";
			sourceTree = "<group>";
		};
		786F12521B70E3EF00386135 /* FirstTaskTests */ = {
			isa = PBXGroup;
			children = (
				786F12551B70E3EF00386135 /* FirstTaskTests.m */,
				786F12531B70E3EF00386135 /* Supporting Files */,
			);
			path = FirstTaskTests;
			sourceTree = "<group>";
		};
		786F12531B70E3EF00386135 /* Supporting Files */ = {
			isa = PBXGroup;
			children = (
				786F12541B70E3EF00386135 /* Info.plist */,
			);
			name = "Supporting Files";
			sourceTree = "<group>";
		};
		78E26EA71B8490740003C977 /* Controllers */ = {
			isa = PBXGroup;
			children = (
				78F9FA691B864E6B007E1E73 /* FPYTableViewController.h */,
				78F9FA6A1B864E6B007E1E73 /* FPYTableViewController.m */,
				78FE76161B99E41C007E4CCF /* FPYContainerViewController.h */,
				78FE76171B99E41C007E4CCF /* FPYContainerViewController.m */,
				78FE76191B99E4FE007E4CCF /* FPYCollectionViewController.h */,
				78FE761A1B99E4FE007E4CCF /* FPYCollectionViewController.m */,
				78FE761C1B99E740007E4CCF /* FPYViewController.h */,
				78FE761D1B99E740007E4CCF /* FPYViewController.m */,
				78FA9E671B9B680400531919 /* FPYAddToDataSource.h */,
				78FA9E681B9B680400531919 /* FPYAddToDataSource.m */,
			);
			path = Controllers;
			sourceTree = "<group>";
		};
		78E26EA81B84918F0003C977 /* Models */ = {
			isa = PBXGroup;
			children = (
				786C214F1B7BE16A00C4AFD3 /* FPYNamedImage.h */,
				786C21501B7BE16A00C4AFD3 /* FPYNamedImage.m */,
				786C21491B7BC65C00C4AFD3 /* FPYDataSource.h */,
				786C214A1B7BC65C00C4AFD3 /* FPYDataSource.m */,
				786C214C1B7BD8A800C4AFD3 /* FPYContentTableCell.h */,
				786C214D1B7BD8A800C4AFD3 /* FPYContentTableCell.m */,
				78FA9E641B9AED4300531919 /* FPYCollectionViewCell.h */,
				78FA9E651B9AED4300531919 /* FPYCollectionViewCell.m */,
				78FA9E611B9AE7E100531919 /* FPYEmptySegue.h */,
				78FA9E621B9AE7E100531919 /* FPYEmptySegue.m */,
				78FA9E6A1B9C7A9E00531919 /* FPYNamedImageDataValidator.h */,
				78FA9E6B1B9C7A9E00531919 /* FPYNamedImageDataValidator.m */,
			);
			name = Models;
			path = FirstTask/Models;
			sourceTree = SOURCE_ROOT;
		};
		78E26EA91B8492190003C977 /* Resources */ = {
			isa = PBXGroup;
			children = (
				78FE76121B99B5D7007E4CCF /* default.jpeg */,
				78FE76141B99E1CE007E4CCF /* Data.plist */,
				78FE76101B99B5CA007E4CCF /* dog.jpg */,
				78334F041B8C7638007AF5D9 /* bird.jpeg */,
				78334F051B8C7638007AF5D9 /* death.jpg */,
				78334F071B8C7638007AF5D9 /* duck.jpeg */,
				78334F081B8C7638007AF5D9 /* girl.jpeg */,
				78334F091B8C7638007AF5D9 /* hart.jpeg */,
				78334F0A1B8C7638007AF5D9 /* kids.jpeg */,
				78334F0B1B8C7638007AF5D9 /* parrot.jpeg */,
				78334F0C1B8C7638007AF5D9 /* puppy.jpeg */,
				78334F0D1B8C7638007AF5D9 /* squirrel.jpeg */,
				78334F0E1B8C7638007AF5D9 /* swan.jpeg */,
			);
			path = Resources;
			sourceTree = "<group>";
		};
/* End PBXGroup section */

/* Begin PBXNativeTarget section */
		786F12351B70E3EF00386135 /* FirstProjectYalantis */ = {
			isa = PBXNativeTarget;
			buildConfigurationList = 786F12591B70E3EF00386135 /* Build configuration list for PBXNativeTarget "FirstProjectYalantis" */;
			buildPhases = (
				786F12321B70E3EF00386135 /* Sources */,
				786F12331B70E3EF00386135 /* Frameworks */,
				786F12341B70E3EF00386135 /* Resources */,
			);
			buildRules = (
			);
			dependencies = (
			);
			name = FirstProjectYalantis;
			productName = FirstTask;
			productReference = 786F12361B70E3EF00386135 /* FirstProjectYalantis.app */;
			productType = "com.apple.product-type.application";
		};
		786F124E1B70E3EF00386135 /* FirstProjectYalantisTests */ = {
			isa = PBXNativeTarget;
			buildConfigurationList = 786F125C1B70E3EF00386135 /* Build configuration list for PBXNativeTarget "FirstProjectYalantisTests" */;
			buildPhases = (
				786F124B1B70E3EF00386135 /* Sources */,
				786F124C1B70E3EF00386135 /* Frameworks */,
				786F124D1B70E3EF00386135 /* Resources */,
			);
			buildRules = (
			);
			dependencies = (
				786F12511B70E3EF00386135 /* PBXTargetDependency */,
			);
			name = FirstProjectYalantisTests;
			productName = FirstTaskTests;
			productReference = 786F124F1B70E3EF00386135 /* FirstProjectYalantis.xctest */;
			productType = "com.apple.product-type.bundle.unit-test";
		};
/* End PBXNativeTarget section */

/* Begin PBXProject section */
		786F122E1B70E3EF00386135 /* Project object */ = {
			isa = PBXProject;
			attributes = {
				CLASSPREFIX = FPY;
				LastUpgradeCheck = 0700;
				ORGANIZATIONNAME = "Olga Khomich";
				TargetAttributes = {
					786F12351B70E3EF00386135 = {
						CreatedOnToolsVersion = 6.4;
					};
					786F124E1B70E3EF00386135 = {
						CreatedOnToolsVersion = 6.4;
						TestTargetID = 786F12351B70E3EF00386135;
					};
				};
			};
			buildConfigurationList = 786F12311B70E3EF00386135 /* Build configuration list for PBXProject "FirstProjectYalantis" */;
			compatibilityVersion = "Xcode 3.2";
			developmentRegion = English;
			hasScannedForEncodings = 0;
			knownRegions = (
				en,
				Base,
			);
			mainGroup = 786F122D1B70E3EF00386135;
			productRefGroup = 786F12371B70E3EF00386135 /* Products */;
			projectDirPath = "";
			projectRoot = "";
			targets = (
				786F12351B70E3EF00386135 /* FirstProjectYalantis */,
				786F124E1B70E3EF00386135 /* FirstProjectYalantisTests */,
			);
		};
/* End PBXProject section */

/* Begin PBXResourcesBuildPhase section */
		786F12341B70E3EF00386135 /* Resources */ = {
			isa = PBXResourcesBuildPhase;
			buildActionMask = 2147483647;
			files = (
				78334F191B8C7638007AF5D9 /* swan.jpeg in Resources */,
				78334F121B8C7638007AF5D9 /* duck.jpeg in Resources */,
				786F12451B70E3EF00386135 /* Main.storyboard in Resources */,
				78334F161B8C7638007AF5D9 /* parrot.jpeg in Resources */,
				78FE76131B99B5D7007E4CCF /* default.jpeg in Resources */,
				78334F131B8C7638007AF5D9 /* girl.jpeg in Resources */,
				78FE76111B99B5CA007E4CCF /* dog.jpg in Resources */,
				78334F181B8C7638007AF5D9 /* squirrel.jpeg in Resources */,
				78334F151B8C7638007AF5D9 /* kids.jpeg in Resources */,
				786F124A1B70E3EF00386135 /* LaunchScreen.xib in Resources */,
				78334F0F1B8C7638007AF5D9 /* bird.jpeg in Resources */,
				78334F171B8C7638007AF5D9 /* puppy.jpeg in Resources */,
				786F12471B70E3EF00386135 /* Images.xcassets in Resources */,
				78334F101B8C7638007AF5D9 /* death.jpg in Resources */,
				78FE76151B99E1CE007E4CCF /* Data.plist in Resources */,
				78334F141B8C7638007AF5D9 /* hart.jpeg in Resources */,
			);
			runOnlyForDeploymentPostprocessing = 0;
		};
		786F124D1B70E3EF00386135 /* Resources */ = {
			isa = PBXResourcesBuildPhase;
			buildActionMask = 2147483647;
			files = (
			);
			runOnlyForDeploymentPostprocessing = 0;
		};
/* End PBXResourcesBuildPhase section */

/* Begin PBXSourcesBuildPhase section */
		786F12321B70E3EF00386135 /* Sources */ = {
			isa = PBXSourcesBuildPhase;
			buildActionMask = 2147483647;
			files = (
				786C214B1B7BC65C00C4AFD3 /* FPYDataSource.m in Sources */,
				78FA9E691B9B680400531919 /* FPYAddToDataSource.m in Sources */,
				78FA9E661B9AED4300531919 /* FPYCollectionViewCell.m in Sources */,
				78FA9E631B9AE7E100531919 /* FPYEmptySegue.m in Sources */,
				78FE76181B99E41C007E4CCF /* FPYContainerViewController.m in Sources */,
				78FE761B1B99E4FE007E4CCF /* FPYCollectionViewController.m in Sources */,
				786C214E1B7BD8A800C4AFD3 /* FPYContentTableCell.m in Sources */,
				78F09D131B7BAC83003BE73B /* FPYAppDelegate.m in Sources */,
				786C21511B7BE16A00C4AFD3 /* FPYNamedImage.m in Sources */,
				786F123C1B70E3EF00386135 /* main.m in Sources */,
				78FA9E6C1B9C7A9E00531919 /* FPYNamedImageDataValidator.m in Sources */,
				78FE761E1B99E740007E4CCF /* FPYViewController.m in Sources */,
				78F9FA6B1B864E6B007E1E73 /* FPYTableViewController.m in Sources */,
			);
			runOnlyForDeploymentPostprocessing = 0;
		};
		786F124B1B70E3EF00386135 /* Sources */ = {
			isa = PBXSourcesBuildPhase;
			buildActionMask = 2147483647;
			files = (
				786F12561B70E3EF00386135 /* FirstTaskTests.m in Sources */,
			);
			runOnlyForDeploymentPostprocessing = 0;
		};
/* End PBXSourcesBuildPhase section */

/* Begin PBXTargetDependency section */
		786F12511B70E3EF00386135 /* PBXTargetDependency */ = {
			isa = PBXTargetDependency;
			target = 786F12351B70E3EF00386135 /* FirstProjectYalantis */;
			targetProxy = 786F12501B70E3EF00386135 /* PBXContainerItemProxy */;
		};
/* End PBXTargetDependency section */

/* Begin PBXVariantGroup section */
		786F12431B70E3EF00386135 /* Main.storyboard */ = {
			isa = PBXVariantGroup;
			children = (
				786F12441B70E3EF00386135 /* Base */,
			);
			name = Main.storyboard;
			sourceTree = "<group>";
		};
		786F12481B70E3EF00386135 /* LaunchScreen.xib */ = {
			isa = PBXVariantGroup;
			children = (
				786F12491B70E3EF00386135 /* Base */,
			);
			name = LaunchScreen.xib;
			sourceTree = "<group>";
		};
/* End PBXVariantGroup section */

/* Begin XCBuildConfiguration section */
		786F12571B70E3EF00386135 /* Debug */ = {
			isa = XCBuildConfiguration;
			buildSettings = {
				ALWAYS_SEARCH_USER_PATHS = NO;
				CLANG_CXX_LANGUAGE_STANDARD = "gnu++0x";
				CLANG_CXX_LIBRARY = "libc++";
				CLANG_ENABLE_MODULES = YES;
				CLANG_ENABLE_OBJC_ARC = YES;
				CLANG_WARN_BOOL_CONVERSION = YES;
				CLANG_WARN_CONSTANT_CONVERSION = YES;
				CLANG_WARN_DIRECT_OBJC_ISA_USAGE = YES_ERROR;
				CLANG_WARN_EMPTY_BODY = YES;
				CLANG_WARN_ENUM_CONVERSION = YES;
				CLANG_WARN_INT_CONVERSION = YES;
				CLANG_WARN_OBJC_ROOT_CLASS = YES_ERROR;
				CLANG_WARN_UNREACHABLE_CODE = YES;
				CLANG_WARN__DUPLICATE_METHOD_MATCH = YES;
				"CODE_SIGN_IDENTITY[sdk=iphoneos*]" = "iPhone Developer";
				COPY_PHASE_STRIP = NO;
				DEBUG_INFORMATION_FORMAT = "dwarf-with-dsym";
				ENABLE_STRICT_OBJC_MSGSEND = YES;
				ENABLE_TESTABILITY = YES;
				GCC_C_LANGUAGE_STANDARD = gnu99;
				GCC_DYNAMIC_NO_PIC = NO;
				GCC_NO_COMMON_BLOCKS = YES;
				GCC_OPTIMIZATION_LEVEL = 0;
				GCC_PREPROCESSOR_DEFINITIONS = (
					"DEBUG=1",
					"$(inherited)",
				);
				GCC_SYMBOLS_PRIVATE_EXTERN = NO;
				GCC_WARN_64_TO_32_BIT_CONVERSION = YES;
				GCC_WARN_ABOUT_RETURN_TYPE = YES_ERROR;
				GCC_WARN_UNDECLARED_SELECTOR = YES;
				GCC_WARN_UNINITIALIZED_AUTOS = YES_AGGRESSIVE;
				GCC_WARN_UNUSED_FUNCTION = YES;
				GCC_WARN_UNUSED_VARIABLE = YES;
				IPHONEOS_DEPLOYMENT_TARGET = 8.4;
				MTL_ENABLE_DEBUG_INFO = YES;
				ONLY_ACTIVE_ARCH = YES;
				SDKROOT = iphoneos;
			};
			name = Debug;
		};
		786F12581B70E3EF00386135 /* Release */ = {
			isa = XCBuildConfiguration;
			buildSettings = {
				ALWAYS_SEARCH_USER_PATHS = NO;
				CLANG_CXX_LANGUAGE_STANDARD = "gnu++0x";
				CLANG_CXX_LIBRARY = "libc++";
				CLANG_ENABLE_MODULES = YES;
				CLANG_ENABLE_OBJC_ARC = YES;
				CLANG_WARN_BOOL_CONVERSION = YES;
				CLANG_WARN_CONSTANT_CONVERSION = YES;
				CLANG_WARN_DIRECT_OBJC_ISA_USAGE = YES_ERROR;
				CLANG_WARN_EMPTY_BODY = YES;
				CLANG_WARN_ENUM_CONVERSION = YES;
				CLANG_WARN_INT_CONVERSION = YES;
				CLANG_WARN_OBJC_ROOT_CLASS = YES_ERROR;
				CLANG_WARN_UNREACHABLE_CODE = YES;
				CLANG_WARN__DUPLICATE_METHOD_MATCH = YES;
				"CODE_SIGN_IDENTITY[sdk=iphoneos*]" = "iPhone Developer";
				COPY_PHASE_STRIP = NO;
				DEBUG_INFORMATION_FORMAT = "dwarf-with-dsym";
				ENABLE_NS_ASSERTIONS = NO;
				ENABLE_STRICT_OBJC_MSGSEND = YES;
				GCC_C_LANGUAGE_STANDARD = gnu99;
				GCC_NO_COMMON_BLOCKS = YES;
				GCC_WARN_64_TO_32_BIT_CONVERSION = YES;
				GCC_WARN_ABOUT_RETURN_TYPE = YES_ERROR;
				GCC_WARN_UNDECLARED_SELECTOR = YES;
				GCC_WARN_UNINITIALIZED_AUTOS = YES_AGGRESSIVE;
				GCC_WARN_UNUSED_FUNCTION = YES;
				GCC_WARN_UNUSED_VARIABLE = YES;
				IPHONEOS_DEPLOYMENT_TARGET = 8.4;
				MTL_ENABLE_DEBUG_INFO = NO;
				SDKROOT = iphoneos;
				VALIDATE_PRODUCT = YES;
			};
			name = Release;
		};
		786F125A1B70E3EF00386135 /* Debug */ = {
			isa = XCBuildConfiguration;
			buildSettings = {
				ASSETCATALOG_COMPILER_APPICON_NAME = AppIcon;
				INFOPLIST_FILE = FirstTask/Info.plist;
				LD_RUNPATH_SEARCH_PATHS = "$(inherited) @executable_path/Frameworks";
				PRODUCT_BUNDLE_IDENTIFIER = "com.example.$(PRODUCT_NAME:rfc1034identifier)";
				PRODUCT_NAME = FirstProjectYalantis;
			};
			name = Debug;
		};
		786F125B1B70E3EF00386135 /* Release */ = {
			isa = XCBuildConfiguration;
			buildSettings = {
				ASSETCATALOG_COMPILER_APPICON_NAME = AppIcon;
				INFOPLIST_FILE = FirstTask/Info.plist;
				LD_RUNPATH_SEARCH_PATHS = "$(inherited) @executable_path/Frameworks";
				PRODUCT_BUNDLE_IDENTIFIER = "com.example.$(PRODUCT_NAME:rfc1034identifier)";
				PRODUCT_NAME = FirstProjectYalantis;
			};
			name = Release;
		};
		786F125D1B70E3EF00386135 /* Debug */ = {
			isa = XCBuildConfiguration;
			buildSettings = {
				BUNDLE_LOADER = "$(TEST_HOST)";
				FRAMEWORK_SEARCH_PATHS = (
					"$(SDKROOT)/Developer/Library/Frameworks",
					"$(inherited)",
				);
				GCC_PREPROCESSOR_DEFINITIONS = (
					"DEBUG=1",
					"$(inherited)",
				);
				INFOPLIST_FILE = FirstTaskTests/Info.plist;
				LD_RUNPATH_SEARCH_PATHS = "$(inherited) @executable_path/Frameworks @loader_path/Frameworks";
				PRODUCT_BUNDLE_IDENTIFIER = "com.example.$(PRODUCT_NAME:rfc1034identifier)";
				PRODUCT_NAME = FirstProjectYalantis;
				TEST_HOST = "$(BUILT_PRODUCTS_DIR)/FirstProjectYalantis.app/FirstProjectYalantis";
			};
			name = Debug;
		};
		786F125E1B70E3EF00386135 /* Release */ = {
			isa = XCBuildConfiguration;
			buildSettings = {
				BUNDLE_LOADER = "$(TEST_HOST)";
				FRAMEWORK_SEARCH_PATHS = (
					"$(SDKROOT)/Developer/Library/Frameworks",
					"$(inherited)",
				);
				INFOPLIST_FILE = FirstTaskTests/Info.plist;
				LD_RUNPATH_SEARCH_PATHS = "$(inherited) @executable_path/Frameworks @loader_path/Frameworks";
				PRODUCT_BUNDLE_IDENTIFIER = "com.example.$(PRODUCT_NAME:rfc1034identifier)";
				PRODUCT_NAME = FirstProjectYalantis;
				TEST_HOST = "$(BUILT_PRODUCTS_DIR)/FirstProjectYalantis.app/FirstProjectYalantis";
			};
			name = Release;
		};
/* End XCBuildConfiguration section */

/* Begin XCConfigurationList section */
		786F12311B70E3EF00386135 /* Build configuration list for PBXProject "FirstProjectYalantis" */ = {
			isa = XCConfigurationList;
			buildConfigurations = (
				786F12571B70E3EF00386135 /* Debug */,
				786F12581B70E3EF00386135 /* Release */,
			);
			defaultConfigurationIsVisible = 0;
			defaultConfigurationName = Release;
		};
		786F12591B70E3EF00386135 /* Build configuration list for PBXNativeTarget "FirstProjectYalantis" */ = {
			isa = XCConfigurationList;
			buildConfigurations = (
				786F125A1B70E3EF00386135 /* Debug */,
				786F125B1B70E3EF00386135 /* Release */,
			);
			defaultConfigurationIsVisible = 0;
			defaultConfigurationName = Release;
		};
		786F125C1B70E3EF00386135 /* Build configuration list for PBXNativeTarget "FirstProjectYalantisTests" */ = {
			isa = XCConfigurationList;
			buildConfigurations = (
				786F125D1B70E3EF00386135 /* Debug */,
				786F125E1B70E3EF00386135 /* Release */,
			);
			defaultConfigurationIsVisible = 0;
			defaultConfigurationName = Release;
		};
/* End XCConfigurationList section */
	};
	rootObject = 786F122E1B70E3EF00386135 /* Project object */;
}
